
Microsoft Visual Studio Solution File, Format Version 12.00
# Visual Studio Version 17
VisualStudioVersion = 17.6.33829.357
MinimumVisualStudioVersion = 10.0.40219.1
Project("{FAE04EC0-301F-11D3-BF4B-00C04F79EFBC}") = "MonitoraUFRGS", "MonitoraUFRGS.csproj", "{DF3709F8-8958-4A01-9B2F-DD65179BACF1}"
EndProject
Global
	GlobalSection(SolutionConfigurationPlatforms) = preSolution
		Debug|Any CPU = Debug|Any CPU
		Release|Any CPU = Release|Any CPU
	EndGlobalSection
	GlobalSection(ProjectConfigurationPlatforms) = postSolution
		{DF3709F8-8958-4A01-9B2F-DD65179BACF1}.Debug|Any CPU.ActiveCfg = Debug|Any CPU
		{DF3709F8-8958-4A01-9B2F-DD65179BACF1}.Debug|Any CPU.Build.0 = Debug|Any CPU
		{DF3709F8-8958-4A01-9B2F-DD65179BACF1}.Release|Any CPU.ActiveCfg = Release|Any CPU
		{DF3709F8-8958-4A01-9B2F-DD65179BACF1}.Release|Any CPU.Build.0 = Release|Any CPU
	EndGlobalSection
	GlobalSection(SolutionProperties) = preSolution
		HideSolutionNode = FALSE
	EndGlobalSection
	GlobalSection(ExtensibilityGlobals) = postSolution
		SolutionGuid = {141EDCA8-6CC8-4ABE-BEF3-12217E56A163}
	EndGlobalSection
EndGlobal
